
Microsoft Visual Studio Solution File, Format Version 12.00
# Visual Studio Version 17
VisualStudioVersion = 17.6.33723.286
MinimumVisualStudioVersion = 10.0.40219.1
Project("{9A19103F-16F7-4668-BE54-9A1E7A4F7556}") = "OutlookMiner", "OutlookMiner\OutlookMiner.csproj", "{BD790088-00D7-4A60-AE71-D06C80C545DB}"
EndProject
Project("{9A19103F-16F7-4668-BE54-9A1E7A4F7556}") = "OutlookMinerCleanService UnitTest", "OutlookMinerCleanService UnitTest\OutlookMinerCleanService UnitTest.csproj", "{DB450991-11A6-464A-96CD-6A269F4705F0}"
EndProject
Global
	GlobalSection(SolutionConfigurationPlatforms) = preSolution
		Debug|Any CPU = Debug|Any CPU
		Release|Any CPU = Release|Any CPU
	EndGlobalSection
	GlobalSection(ProjectConfigurationPlatforms) = postSolution
		{BD790088-00D7-4A60-AE71-D06C80C545DB}.Debug|Any CPU.ActiveCfg = Debug|Any CPU
		{BD790088-00D7-4A60-AE71-D06C80C545DB}.Debug|Any CPU.Build.0 = Debug|Any CPU
		{BD790088-00D7-4A60-AE71-D06C80C545DB}.Release|Any CPU.ActiveCfg = Release|Any CPU
		{BD790088-00D7-4A60-AE71-D06C80C545DB}.Release|Any CPU.Build.0 = Release|Any CPU
		{DB450991-11A6-464A-96CD-6A269F4705F0}.Debug|Any CPU.ActiveCfg = Debug|Any CPU
		{DB450991-11A6-464A-96CD-6A269F4705F0}.Debug|Any CPU.Build.0 = Debug|Any CPU
		{DB450991-11A6-464A-96CD-6A269F4705F0}.Release|Any CPU.ActiveCfg = Release|Any CPU
		{DB450991-11A6-464A-96CD-6A269F4705F0}.Release|Any CPU.Build.0 = Release|Any CPU
	EndGlobalSection
	GlobalSection(SolutionProperties) = preSolution
		HideSolutionNode = FALSE
	EndGlobalSection
	GlobalSection(ExtensibilityGlobals) = postSolution
		SolutionGuid = {7843945C-14EC-4476-A243-17840455D42F}
	EndGlobalSection
EndGlobal
